# This file was autogenerated by Stack.
# You should not edit this file by hand.
# For more information, please see the documentation at:
#   https://docs.haskellstack.org/en/stable/topics/lock_files

packages:
- completed:
    hackage: morpheus-graphql-0.27.3@sha256:d1b8ecd2093fca77b051f20ab92ea3a26e52e701f48ebcff5f479a23687c7af8,17690
    pantry-tree:
      sha256: e58d86efcc1551b4963cdd4e8756710c3cc187b168a3c0663a5a1d1b64d2a3cd
      size: 22603
  original:
    hackage: morpheus-graphql-0.27.3
- completed:
    hackage: morpheus-graphql-app-0.27.3@sha256:d04c5f99edc4ffde45c762981c42b379fc7c77afe20003e60f10f7098f191264,8692
    pantry-tree:
      sha256: 07b0078b2485ee4ddd5763ae04a89050d6ed36d7ce146d583f414a47c15f538d
      size: 10775
  original:
    hackage: morpheus-graphql-app-0.27.3
- completed:
    hackage: morpheus-graphql-core-0.27.3@sha256:55d9fb5e509c31ab1e407ce2ec42b349e5849ae059ea493db03d52c457586e91,14192
    pantry-tree:
      sha256: f79bcf8535ce185ce246a35cc08f39b82599c83b0148f55b330b2052f96630da
      size: 19536
  original:
    hackage: morpheus-graphql-core-0.27.3
- completed:
    hackage: morpheus-graphql-server-0.27.3@sha256:3c3d4166e1738dac8e8b2bdb2246530636c6ebaf99eec97056795f7fab84f37b,24489
    pantry-tree:
      sha256: 5f53b23a7a293cc13f72cfbb4703775b14b50568d18a5a128f55667666196aee
      size: 34893
  original:
    hackage: morpheus-graphql-server-0.27.3
- completed:
    hackage: morpheus-graphql-subscriptions-0.27.3@sha256:b64f2ef516b29f1ef3088247e8d9f3cd1cc2aa7baa069d67c2cf6488de68d505,1784
    pantry-tree:
      sha256: 4690a4d55f1b85ca3e677058b74d0f0f46dc6ce9a4c9483a02fb4c30a79b1f34
      size: 813
  original:
    hackage: morpheus-graphql-subscriptions-0.27.3
- completed:
    hackage: relude-1.2.1.0@sha256:288392175f4fd9587e200b10c0c51e6dcdf92bc798216a88c54c80464c7e98f8,12280
    pantry-tree:
      sha256: 32551ca6b8e80a6cd72935ddfe8b3ab4d0f212b6769202530fbb09eb6398893c
      size: 4286
  original:
    hackage: relude-1.2.1.0
- completed:
    hackage: deriving-aeson-0.2.9@sha256:957bd6da5a4f40f74ea8c485084c3e48dd9278073f95809f068b02bdcf9c3892,1356
    pantry-tree:
      sha256: bbdae421e4af750c93fbb49ff71bad8e6c1033e5616c5ea40bf7d28707c43d18
      size: 443
  original:
    hackage: deriving-aeson-0.2.9
snapshots:
- completed:
    sha256: a81fb3877c4f9031e1325eb3935122e608d80715dc16b586eb11ddbff8671ecd
    size: 640086
    url: https://raw.githubusercontent.com/commercialhaskell/stackage-snapshots/master/lts/21/25.yaml
  original: lts-21.25
